// !$*UTF8*$!
{
	archiveVersion = 1;
	classes = {
	};
	objectVersion = 46;
	objects = {

/* Begin PBXBuildFile section */
		F346E5D618AD87C100AC207E /* BTDeviceManager.m in Sources */ = {isa = PBXBuildFile; fileRef = F346E5D518AD87C100AC207E /* BTDeviceManager.m */; };
		F39FCAC818AE80B300F77C4F /* Main_iPhone.storyboard in Resources */ = {isa = PBXBuildFile; fileRef = F3E05CFF18AA8CF9008CD655 /* Main_iPhone.storyboard */; };
		F39FCACB18AE86F300F77C4F /* BTPeripherialManager.m in Sources */ = {isa = PBXBuildFile; fileRef = F39FCACA18AE86F300F77C4F /* BTPeripherialManager.m */; };
		F39FCAD518AEA6A200F77C4F /* BTDeviceGrouping.m in Sources */ = {isa = PBXBuildFile; fileRef = F39FCAD418AEA6A200F77C4F /* BTDeviceGrouping.m */; };
		F39FCADB18AEA9BF00F77C4F /* BTDeviceGroupingObject.m in Sources */ = {isa = PBXBuildFile; fileRef = F39FCADA18AEA9BF00F77C4F /* BTDeviceGroupingObject.m */; };
		F3A44AA918B3B9F800E61119 /* MessagingScreenViewController.m in Sources */ = {isa = PBXBuildFile; fileRef = F3A44AA818B3B9F800E61119 /* MessagingScreenViewController.m */; };
		F3A44AAC18B577E400E61119 /* MyLifterDevice.m in Sources */ = {isa = PBXBuildFile; fileRef = F3A44AAB18B577E400E61119 /* MyLifterDevice.m */; };
		F3E05CEE18AA8CF9008CD655 /* Foundation.framework in Frameworks */ = {isa = PBXBuildFile; fileRef = F3E05CED18AA8CF9008CD655 /* Foundation.framework */; };
		F3E05CF018AA8CF9008CD655 /* CoreGraphics.framework in Frameworks */ = {isa = PBXBuildFile; fileRef = F3E05CEF18AA8CF9008CD655 /* CoreGraphics.framework */; };
		F3E05CF218AA8CF9008CD655 /* UIKit.framework in Frameworks */ = {isa = PBXBuildFile; fileRef = F3E05CF118AA8CF9008CD655 /* UIKit.framework */; };
		F3E05CF818AA8CF9008CD655 /* InfoPlist.strings in Resources */ = {isa = PBXBuildFile; fileRef = F3E05CF618AA8CF9008CD655 /* InfoPlist.strings */; };
		F3E05CFA18AA8CF9008CD655 /* main.m in Sources */ = {isa = PBXBuildFile; fileRef = F3E05CF918AA8CF9008CD655 /* main.m */; };
		F3E05CFE18AA8CF9008CD655 /* NavAppDelegate.m in Sources */ = {isa = PBXBuildFile; fileRef = F3E05CFD18AA8CF9008CD655 /* NavAppDelegate.m */; };
		F3E05D0718AA8CF9008CD655 /* NavViewController.m in Sources */ = {isa = PBXBuildFile; fileRef = F3E05D0618AA8CF9008CD655 /* NavViewController.m */; };
		F3E05D0918AA8CF9008CD655 /* Images.xcassets in Resources */ = {isa = PBXBuildFile; fileRef = F3E05D0818AA8CF9008CD655 /* Images.xcassets */; };
		F3E05D1018AA8CF9008CD655 /* XCTest.framework in Frameworks */ = {isa = PBXBuildFile; fileRef = F3E05D0F18AA8CF9008CD655 /* XCTest.framework */; };
		F3E05D1118AA8CF9008CD655 /* Foundation.framework in Frameworks */ = {isa = PBXBuildFile; fileRef = F3E05CED18AA8CF9008CD655 /* Foundation.framework */; };
		F3E05D1218AA8CF9008CD655 /* UIKit.framework in Frameworks */ = {isa = PBXBuildFile; fileRef = F3E05CF118AA8CF9008CD655 /* UIKit.framework */; };
		F3E05D1A18AA8CF9008CD655 /* InfoPlist.strings in Resources */ = {isa = PBXBuildFile; fileRef = F3E05D1818AA8CF9008CD655 /* InfoPlist.strings */; };
		F3E05D1C18AA8CF9008CD655 /* BlueToothTestingTests.m in Sources */ = {isa = PBXBuildFile; fileRef = F3E05D1B18AA8CF9008CD655 /* BlueToothTestingTests.m */; };
		F3E05D2618AA8DB9008CD655 /* CoreBluetooth.framework in Frameworks */ = {isa = PBXBuildFile; fileRef = F3E05D2518AA8DB9008CD655 /* CoreBluetooth.framework */; };
/* End PBXBuildFile section */

/* Begin PBXContainerItemProxy section */
		F3E05D1318AA8CF9008CD655 /* PBXContainerItemProxy */ = {
			isa = PBXContainerItemProxy;
			containerPortal = F3E05CE218AA8CF9008CD655 /* Project object */;
			proxyType = 1;
			remoteGlobalIDString = F3E05CE918AA8CF9008CD655;
			remoteInfo = BlueToothTesting;
		};
/* End PBXContainerItemProxy section */

/* Begin PBXFileReference section */
		F346E5CF18AD440F00AC207E /* Constants.h */ = {isa = PBXFileReference; fileEncoding = 4; lastKnownFileType = sourcecode.c.h; path = Constants.h; sourceTree = "<group>"; };
		F346E5D418AD87C100AC207E /* BTDeviceManager.h */ = {isa = PBXFileReference; fileEncoding = 4; lastKnownFileType = sourcecode.c.h; path = BTDeviceManager.h; sourceTree = "<group>"; };
		F346E5D518AD87C100AC207E /* BTDeviceManager.m */ = {isa = PBXFileReference; fileEncoding = 4; lastKnownFileType = sourcecode.c.objc; path = BTDeviceManager.m; sourceTree = "<group>"; };
		F346E5D718AD89E100AC207E /* BTDeviceManagerDelegate.h */ = {isa = PBXFileReference; fileEncoding = 4; lastKnownFileType = sourcecode.c.h; path = BTDeviceManagerDelegate.h; sourceTree = "<group>"; };
		F39FCAC918AE86F300F77C4F /* BTPeripherialManager.h */ = {isa = PBXFileReference; fileEncoding = 4; lastKnownFileType = sourcecode.c.h; path = BTPeripherialManager.h; sourceTree = "<group>"; };
		F39FCACA18AE86F300F77C4F /* BTPeripherialManager.m */ = {isa = PBXFileReference; fileEncoding = 4; lastKnownFileType = sourcecode.c.objc; path = BTPeripherialManager.m; sourceTree = "<group>"; };
		F39FCAD318AEA6A200F77C4F /* BTDeviceGrouping.h */ = {isa = PBXFileReference; fileEncoding = 4; lastKnownFileType = sourcecode.c.h; path = BTDeviceGrouping.h; sourceTree = "<group>"; };
		F39FCAD418AEA6A200F77C4F /* BTDeviceGrouping.m */ = {isa = PBXFileReference; fileEncoding = 4; lastKnownFileType = sourcecode.c.objc; path = BTDeviceGrouping.m; sourceTree = "<group>"; };
		F39FCAD918AEA9BF00F77C4F /* BTDeviceGroupingObject.h */ = {isa = PBXFileReference; fileEncoding = 4; lastKnownFileType = sourcecode.c.h; path = BTDeviceGroupingObject.h; sourceTree = "<group>"; };
		F39FCADA18AEA9BF00F77C4F /* BTDeviceGroupingObject.m */ = {isa = PBXFileReference; fileEncoding = 4; lastKnownFileType = sourcecode.c.objc; path = BTDeviceGroupingObject.m; sourceTree = "<group>"; };
		F3A44AA718B3B9F800E61119 /* MessagingScreenViewController.h */ = {isa = PBXFileReference; fileEncoding = 4; lastKnownFileType = sourcecode.c.h; path = MessagingScreenViewController.h; sourceTree = "<group>"; };
		F3A44AA818B3B9F800E61119 /* MessagingScreenViewController.m */ = {isa = PBXFileReference; fileEncoding = 4; lastKnownFileType = sourcecode.c.objc; path = MessagingScreenViewController.m; sourceTree = "<group>"; };
		F3A44AAA18B577E400E61119 /* MyLifterDevice.h */ = {isa = PBXFileReference; fileEncoding = 4; lastKnownFileType = sourcecode.c.h; path = MyLifterDevice.h; sourceTree = "<group>"; };
		F3A44AAB18B577E400E61119 /* MyLifterDevice.m */ = {isa = PBXFileReference; fileEncoding = 4; lastKnownFileType = sourcecode.c.objc; path = MyLifterDevice.m; sourceTree = "<group>"; };
		F3E05CEA18AA8CF9008CD655 /* BlueToothTesting.app */ = {isa = PBXFileReference; explicitFileType = wrapper.application; includeInIndex = 0; path = BlueToothTesting.app; sourceTree = BUILT_PRODUCTS_DIR; };
		F3E05CED18AA8CF9008CD655 /* Foundation.framework */ = {isa = PBXFileReference; lastKnownFileType = wrapper.framework; name = Foundation.framework; path = System/Library/Frameworks/Foundation.framework; sourceTree = SDKROOT; };
		F3E05CEF18AA8CF9008CD655 /* CoreGraphics.framework */ = {isa = PBXFileReference; lastKnownFileType = wrapper.framework; name = CoreGraphics.framework; path = System/Library/Frameworks/CoreGraphics.framework; sourceTree = SDKROOT; };
		F3E05CF118AA8CF9008CD655 /* UIKit.framework */ = {isa = PBXFileReference; lastKnownFileType = wrapper.framework; name = UIKit.framework; path = System/Library/Frameworks/UIKit.framework; sourceTree = SDKROOT; };
		F3E05CF518AA8CF9008CD655 /* BlueToothTesting-Info.plist */ = {isa = PBXFileReference; lastKnownFileType = text.plist.xml; path = "BlueToothTesting-Info.plist"; sourceTree = "<group>"; };
		F3E05CF718AA8CF9008CD655 /* en */ = {isa = PBXFileReference; lastKnownFileType = text.plist.strings; name = en; path = en.lproj/InfoPlist.strings; sourceTree = "<group>"; };
		F3E05CF918AA8CF9008CD655 /* main.m */ = {isa = PBXFileReference; lastKnownFileType = sourcecode.c.objc; path = main.m; sourceTree = "<group>"; };
		F3E05CFB18AA8CF9008CD655 /* BlueToothTesting-Prefix.pch */ = {isa = PBXFileReference; lastKnownFileType = sourcecode.c.h; path = "BlueToothTesting-Prefix.pch"; sourceTree = "<group>"; };
		F3E05CFC18AA8CF9008CD655 /* NavAppDelegate.h */ = {isa = PBXFileReference; lastKnownFileType = sourcecode.c.h; path = NavAppDelegate.h; sourceTree = "<group>"; };
		F3E05CFD18AA8CF9008CD655 /* NavAppDelegate.m */ = {isa = PBXFileReference; lastKnownFileType = sourcecode.c.objc; path = NavAppDelegate.m; sourceTree = "<group>"; };
		F3E05D0018AA8CF9008CD655 /* Base */ = {isa = PBXFileReference; lastKnownFileType = file.storyboard; name = Base; path = Base.lproj/Main_iPhone.storyboard; sourceTree = "<group>"; };
		F3E05D0518AA8CF9008CD655 /* NavViewController.h */ = {isa = PBXFileReference; lastKnownFileType = sourcecode.c.h; path = NavViewController.h; sourceTree = "<group>"; };
		F3E05D0618AA8CF9008CD655 /* NavViewController.m */ = {isa = PBXFileReference; lastKnownFileType = sourcecode.c.objc; path = NavViewController.m; sourceTree = "<group>"; };
		F3E05D0818AA8CF9008CD655 /* Images.xcassets */ = {isa = PBXFileReference; lastKnownFileType = folder.assetcatalog; path = Images.xcassets; sourceTree = "<group>"; };
		F3E05D0E18AA8CF9008CD655 /* BlueToothTestingTests.xctest */ = {isa = PBXFileReference; explicitFileType = wrapper.cfbundle; includeInIndex = 0; path = BlueToothTestingTests.xctest; sourceTree = BUILT_PRODUCTS_DIR; };
		F3E05D0F18AA8CF9008CD655 /* XCTest.framework */ = {isa = PBXFileReference; lastKnownFileType = wrapper.framework; name = XCTest.framework; path = Library/Frameworks/XCTest.framework; sourceTree = DEVELOPER_DIR; };
		F3E05D1718AA8CF9008CD655 /* BlueToothTestingTests-Info.plist */ = {isa = PBXFileReference; lastKnownFileType = text.plist.xml; path = "BlueToothTestingTests-Info.plist"; sourceTree = "<group>"; };
		F3E05D1918AA8CF9008CD655 /* en */ = {isa = PBXFileReference; lastKnownFileType = text.plist.strings; name = en; path = en.lproj/InfoPlist.strings; sourceTree = "<group>"; };
		F3E05D1B18AA8CF9008CD655 /* BlueToothTestingTests.m */ = {isa = PBXFileReference; lastKnownFileType = sourcecode.c.objc; path = BlueToothTestingTests.m; sourceTree = "<group>"; };
		F3E05D2518AA8DB9008CD655 /* CoreBluetooth.framework */ = {isa = PBXFileReference; lastKnownFileType = wrapper.framework; name = CoreBluetooth.framework; path = System/Library/Frameworks/CoreBluetooth.framework; sourceTree = SDKROOT; };
/* End PBXFileReference section */

/* Begin PBXFrameworksBuildPhase section */
		F3E05CE718AA8CF9008CD655 /* Frameworks */ = {
			isa = PBXFrameworksBuildPhase;
			buildActionMask = 2147483647;
			files = (
				F3E05D2618AA8DB9008CD655 /* CoreBluetooth.framework in Frameworks */,
				F3E05CF018AA8CF9008CD655 /* CoreGraphics.framework in Frameworks */,
				F3E05CF218AA8CF9008CD655 /* UIKit.framework in Frameworks */,
				F3E05CEE18AA8CF9008CD655 /* Foundation.framework in Frameworks */,
			);
			runOnlyForDeploymentPostprocessing = 0;
		};
		F3E05D0B18AA8CF9008CD655 /* Frameworks */ = {
			isa = PBXFrameworksBuildPhase;
			buildActionMask = 2147483647;
			files = (
				F3E05D1018AA8CF9008CD655 /* XCTest.framework in Frameworks */,
				F3E05D1218AA8CF9008CD655 /* UIKit.framework in Frameworks */,
				F3E05D1118AA8CF9008CD655 /* Foundation.framework in Frameworks */,
			);
			runOnlyForDeploymentPostprocessing = 0;
		};
/* End PBXFrameworksBuildPhase section */

/* Begin PBXGroup section */
		F346E5CC18AC31EA00AC207E /* HomeScreen */ = {
			isa = PBXGroup;
			children = (
				F3E05CFF18AA8CF9008CD655 /* Main_iPhone.storyboard */,
				F3E05D0518AA8CF9008CD655 /* NavViewController.h */,
				F3E05D0618AA8CF9008CD655 /* NavViewController.m */,
			);
			name = HomeScreen;
			sourceTree = "<group>";
		};
		F346E5CD18AC31F800AC207E /* MessagingScreen */ = {
			isa = PBXGroup;
			children = (
				F3A44AA718B3B9F800E61119 /* MessagingScreenViewController.h */,
				F3A44AA818B3B9F800E61119 /* MessagingScreenViewController.m */,
			);
			name = MessagingScreen;
			sourceTree = "<group>";
		};
		F346E5CE18AC320000AC207E /* BTModule */ = {
			isa = PBXGroup;
			children = (
				F346E5D418AD87C100AC207E /* BTDeviceManager.h */,
				F346E5D518AD87C100AC207E /* BTDeviceManager.m */,
				F346E5D718AD89E100AC207E /* BTDeviceManagerDelegate.h */,
				F39FCAC918AE86F300F77C4F /* BTPeripherialManager.h */,
				F39FCACA18AE86F300F77C4F /* BTPeripherialManager.m */,
			);
			name = BTModule;
			sourceTree = "<group>";
		};
		F39FCAD218AEA67E00F77C4F /* Grouping */ = {
			isa = PBXGroup;
			children = (
				F39FCAD318AEA6A200F77C4F /* BTDeviceGrouping.h */,
				F39FCAD418AEA6A200F77C4F /* BTDeviceGrouping.m */,
				F39FCAD918AEA9BF00F77C4F /* BTDeviceGroupingObject.h */,
				F39FCADA18AEA9BF00F77C4F /* BTDeviceGroupingObject.m */,
				F3A44AAA18B577E400E61119 /* MyLifterDevice.h */,
				F3A44AAB18B577E400E61119 /* MyLifterDevice.m */,
			);
			name = Grouping;
			sourceTree = "<group>";
		};
		F3E05CE118AA8CF9008CD655 = {
			isa = PBXGroup;
			children = (
				F3E05CF318AA8CF9008CD655 /* BlueToothTesting */,
				F3E05D1518AA8CF9008CD655 /* BlueToothTestingTests */,
				F3E05CEC18AA8CF9008CD655 /* Frameworks */,
				F3E05CEB18AA8CF9008CD655 /* Products */,
			);
			sourceTree = "<group>";
		};
		F3E05CEB18AA8CF9008CD655 /* Products */ = {
			isa = PBXGroup;
			children = (
				F3E05CEA18AA8CF9008CD655 /* BlueToothTesting.app */,
				F3E05D0E18AA8CF9008CD655 /* BlueToothTestingTests.xctest */,
			);
			name = Products;
			sourceTree = "<group>";
		};
		F3E05CEC18AA8CF9008CD655 /* Frameworks */ = {
			isa = PBXGroup;
			children = (
				F3E05D2518AA8DB9008CD655 /* CoreBluetooth.framework */,
				F3E05CED18AA8CF9008CD655 /* Foundation.framework */,
				F3E05CEF18AA8CF9008CD655 /* CoreGraphics.framework */,
				F3E05CF118AA8CF9008CD655 /* UIKit.framework */,
				F3E05D0F18AA8CF9008CD655 /* XCTest.framework */,
			);
			name = Frameworks;
			sourceTree = "<group>";
		};
		F3E05CF318AA8CF9008CD655 /* BlueToothTesting */ = {
			isa = PBXGroup;
			children = (
				F39FCAD218AEA67E00F77C4F /* Grouping */,
				F346E5CE18AC320000AC207E /* BTModule */,
				F346E5CD18AC31F800AC207E /* MessagingScreen */,
				F346E5CC18AC31EA00AC207E /* HomeScreen */,
				F3E05CFC18AA8CF9008CD655 /* NavAppDelegate.h */,
				F3E05CFD18AA8CF9008CD655 /* NavAppDelegate.m */,
				F3E05D0818AA8CF9008CD655 /* Images.xcassets */,
				F3E05CF418AA8CF9008CD655 /* Supporting Files */,
				F346E5CF18AD440F00AC207E /* Constants.h */,
			);
			path = BlueToothTesting;
			sourceTree = "<group>";
		};
		F3E05CF418AA8CF9008CD655 /* Supporting Files */ = {
			isa = PBXGroup;
			children = (
				F3E05CF518AA8CF9008CD655 /* BlueToothTesting-Info.plist */,
				F3E05CF618AA8CF9008CD655 /* InfoPlist.strings */,
				F3E05CF918AA8CF9008CD655 /* main.m */,
				F3E05CFB18AA8CF9008CD655 /* BlueToothTesting-Prefix.pch */,
			);
			name = "Supporting Files";
			sourceTree = "<group>";
		};
		F3E05D1518AA8CF9008CD655 /* BlueToothTestingTests */ = {
			isa = PBXGroup;
			children = (
				F3E05D1B18AA8CF9008CD655 /* BlueToothTestingTests.m */,
				F3E05D1618AA8CF9008CD655 /* Supporting Files */,
			);
			path = BlueToothTestingTests;
			sourceTree = "<group>";
		};
		F3E05D1618AA8CF9008CD655 /* Supporting Files */ = {
			isa = PBXGroup;
			children = (
				F3E05D1718AA8CF9008CD655 /* BlueToothTestingTests-Info.plist */,
				F3E05D1818AA8CF9008CD655 /* InfoPlist.strings */,
			);
			name = "Supporting Files";
			sourceTree = "<group>";
		};
/* End PBXGroup section */

/* Begin PBXNativeTarget section */
		F3E05CE918AA8CF9008CD655 /* BlueToothTesting */ = {
			isa = PBXNativeTarget;
			buildConfigurationList = F3E05D1F18AA8CF9008CD655 /* Build configuration list for PBXNativeTarget "BlueToothTesting" */;
			buildPhases = (
				F3E05CE618AA8CF9008CD655 /* Sources */,
				F3E05CE718AA8CF9008CD655 /* Frameworks */,
				F3E05CE818AA8CF9008CD655 /* Resources */,
			);
			buildRules = (
			);
			dependencies = (
			);
			name = BlueToothTesting;
			productName = BlueToothTesting;
			productReference = F3E05CEA18AA8CF9008CD655 /* BlueToothTesting.app */;
			productType = "com.apple.product-type.application";
		};
		F3E05D0D18AA8CF9008CD655 /* BlueToothTestingTests */ = {
			isa = PBXNativeTarget;
			buildConfigurationList = F3E05D2218AA8CF9008CD655 /* Build configuration list for PBXNativeTarget "BlueToothTestingTests" */;
			buildPhases = (
				F3E05D0A18AA8CF9008CD655 /* Sources */,
				F3E05D0B18AA8CF9008CD655 /* Frameworks */,
				F3E05D0C18AA8CF9008CD655 /* Resources */,
			);
			buildRules = (
			);
			dependencies = (
				F3E05D1418AA8CF9008CD655 /* PBXTargetDependency */,
			);
			name = BlueToothTestingTests;
			productName = BlueToothTestingTests;
			productReference = F3E05D0E18AA8CF9008CD655 /* BlueToothTestingTests.xctest */;
			productType = "com.apple.product-type.bundle.unit-test";
		};
/* End PBXNativeTarget section */

/* Begin PBXProject section */
		F3E05CE218AA8CF9008CD655 /* Project object */ = {
			isa = PBXProject;
			attributes = {
				CLASSPREFIX = Nav;
				LastUpgradeCheck = 0500;
				ORGANIZATIONNAME = "Byron Mackay";
				TargetAttributes = {
					F3E05D0D18AA8CF9008CD655 = {
						TestTargetID = F3E05CE918AA8CF9008CD655;
					};
				};
			};
			buildConfigurationList = F3E05CE518AA8CF9008CD655 /* Build configuration list for PBXProject "BlueToothTesting" */;
			compatibilityVersion = "Xcode 3.2";
			developmentRegion = English;
			hasScannedForEncodings = 0;
			knownRegions = (
				en,
				Base,
			);
			mainGroup = F3E05CE118AA8CF9008CD655;
			productRefGroup = F3E05CEB18AA8CF9008CD655 /* Products */;
			projectDirPath = "";
			projectRoot = "";
			targets = (
				F3E05CE918AA8CF9008CD655 /* BlueToothTesting */,
				F3E05D0D18AA8CF9008CD655 /* BlueToothTestingTests */,
			);
		};
/* End PBXProject section */

/* Begin PBXResourcesBuildPhase section */
		F3E05CE818AA8CF9008CD655 /* Resources */ = {
			isa = PBXResourcesBuildPhase;
			buildActionMask = 2147483647;
			files = (
				F39FCAC818AE80B300F77C4F /* Main_iPhone.storyboard in Resources */,
				F3E05D0918AA8CF9008CD655 /* Images.xcassets in Resources */,
				F3E05CF818AA8CF9008CD655 /* InfoPlist.strings in Resources */,
			);
			runOnlyForDeploymentPostprocessing = 0;
		};
		F3E05D0C18AA8CF9008CD655 /* Resources */ = {
			isa = PBXResourcesBuildPhase;
			buildActionMask = 2147483647;
			files = (
				F3E05D1A18AA8CF9008CD655 /* InfoPlist.strings in Resources */,
			);
			runOnlyForDeploymentPostprocessing = 0;
		};
/* End PBXResourcesBuildPhase section */

/* Begin PBXSourcesBuildPhase section */
		F3E05CE618AA8CF9008CD655 /* Sources */ = {
			isa = PBXSourcesBuildPhase;
			buildActionMask = 2147483647;
			files = (
				F39FCACB18AE86F300F77C4F /* BTPeripherialManager.m in Sources */,
				F3E05CFE18AA8CF9008CD655 /* NavAppDelegate.m in Sources */,
				F39FCAD518AEA6A200F77C4F /* BTDeviceGrouping.m in Sources */,
				F39FCADB18AEA9BF00F77C4F /* BTDeviceGroupingObject.m in Sources */,
				F346E5D618AD87C100AC207E /* BTDeviceManager.m in Sources */,
				F3E05D0718AA8CF9008CD655 /* NavViewController.m in Sources */,
				F3E05CFA18AA8CF9008CD655 /* main.m in Sources */,
				F3A44AAC18B577E400E61119 /* MyLifterDevice.m in Sources */,
				F3A44AA918B3B9F800E61119 /* MessagingScreenViewController.m in Sources */,
			);
			runOnlyForDeploymentPostprocessing = 0;
		};
		F3E05D0A18AA8CF9008CD655 /* Sources */ = {
			isa = PBXSourcesBuildPhase;
			buildActionMask = 2147483647;
			files = (
				F3E05D1C18AA8CF9008CD655 /* BlueToothTestingTests.m in Sources */,
			);
			runOnlyForDeploymentPostprocessing = 0;
		};
/* End PBXSourcesBuildPhase section */

/* Begin PBXTargetDependency section */
		F3E05D1418AA8CF9008CD655 /* PBXTargetDependency */ = {
			isa = PBXTargetDependency;
			target = F3E05CE918AA8CF9008CD655 /* BlueToothTesting */;
			targetProxy = F3E05D1318AA8CF9008CD655 /* PBXContainerItemProxy */;
		};
/* End PBXTargetDependency section */

/* Begin PBXVariantGroup section */
		F3E05CF618AA8CF9008CD655 /* InfoPlist.strings */ = {
			isa = PBXVariantGroup;
			children = (
				F3E05CF718AA8CF9008CD655 /* en */,
			);
			name = InfoPlist.strings;
			sourceTree = "<group>";
		};
		F3E05CFF18AA8CF9008CD655 /* Main_iPhone.storyboard */ = {
			isa = PBXVariantGroup;
			children = (
				F3E05D0018AA8CF9008CD655 /* Base */,
			);
			name = Main_iPhone.storyboard;
			sourceTree = "<group>";
		};
		F3E05D1818AA8CF9008CD655 /* InfoPlist.strings */ = {
			isa = PBXVariantGroup;
			children = (
				F3E05D1918AA8CF9008CD655 /* en */,
			);
			name = InfoPlist.strings;
			sourceTree = "<group>";
		};
/* End PBXVariantGroup section */

/* Begin XCBuildConfiguration section */
		F3E05D1D18AA8CF9008CD655 /* Debug */ = {
			isa = XCBuildConfiguration;
			buildSettings = {
				ALWAYS_SEARCH_USER_PATHS = NO;
				ARCHS = "$(ARCHS_STANDARD_INCLUDING_64_BIT)";
				CLANG_CXX_LANGUAGE_STANDARD = "gnu++0x";
				CLANG_CXX_LIBRARY = "libc++";
				CLANG_ENABLE_MODULES = YES;
				CLANG_ENABLE_OBJC_ARC = YES;
				CLANG_WARN_BOOL_CONVERSION = YES;
				CLANG_WARN_CONSTANT_CONVERSION = YES;
				CLANG_WARN_DIRECT_OBJC_ISA_USAGE = YES_ERROR;
				CLANG_WARN_EMPTY_BODY = YES;
				CLANG_WARN_ENUM_CONVERSION = YES;
				CLANG_WARN_INT_CONVERSION = YES;
				CLANG_WARN_OBJC_ROOT_CLASS = YES_ERROR;
				CLANG_WARN__DUPLICATE_METHOD_MATCH = YES;
				"CODE_SIGN_IDENTITY[sdk=iphoneos*]" = "iPhone Developer";
				COPY_PHASE_STRIP = NO;
				GCC_C_LANGUAGE_STANDARD = gnu99;
				GCC_DYNAMIC_NO_PIC = NO;
				GCC_OPTIMIZATION_LEVEL = 0;
				GCC_PREPROCESSOR_DEFINITIONS = (
					"DEBUG=1",
					"$(inherited)",
				);
				GCC_SYMBOLS_PRIVATE_EXTERN = NO;
				GCC_WARN_64_TO_32_BIT_CONVERSION = YES;
				GCC_WARN_ABOUT_RETURN_TYPE = YES_ERROR;
				GCC_WARN_UNDECLARED_SELECTOR = YES;
				GCC_WARN_UNINITIALIZED_AUTOS = YES;
				GCC_WARN_UNUSED_FUNCTION = YES;
				GCC_WARN_UNUSED_VARIABLE = YES;
				IPHONEOS_DEPLOYMENT_TARGET = 7.0;
				ONLY_ACTIVE_ARCH = YES;
				SDKROOT = iphoneos;
				TARGETED_DEVICE_FAMILY = "1,2";
			};
			name = Debug;
		};
		F3E05D1E18AA8CF9008CD655 /* Release */ = {
			isa = XCBuildConfiguration;
			buildSettings = {
				ALWAYS_SEARCH_USER_PATHS = NO;
				ARCHS = "$(ARCHS_STANDARD_INCLUDING_64_BIT)";
				CLANG_CXX_LANGUAGE_STANDARD = "gnu++0x";
				CLANG_CXX_LIBRARY = "libc++";
				CLANG_ENABLE_MODULES = YES;
				CLANG_ENABLE_OBJC_ARC = YES;
				CLANG_WARN_BOOL_CONVERSION = YES;
				CLANG_WARN_CONSTANT_CONVERSION = YES;
				CLANG_WARN_DIRECT_OBJC_ISA_USAGE = YES_ERROR;
				CLANG_WARN_EMPTY_BODY = YES;
				CLANG_WARN_ENUM_CONVERSION = YES;
				CLANG_WARN_INT_CONVERSION = YES;
				CLANG_WARN_OBJC_ROOT_CLASS = YES_ERROR;
				CLANG_WARN__DUPLICATE_METHOD_MATCH = YES;
				"CODE_SIGN_IDENTITY[sdk=iphoneos*]" = "iPhone Developer";
				COPY_PHASE_STRIP = YES;
				ENABLE_NS_ASSERTIONS = NO;
				GCC_C_LANGUAGE_STANDARD = gnu99;
				GCC_WARN_64_TO_32_BIT_CONVERSION = YES;
				GCC_WARN_ABOUT_RETURN_TYPE = YES_ERROR;
				GCC_WARN_UNDECLARED_SELECTOR = YES;
				GCC_WARN_UNINITIALIZED_AUTOS = YES;
				GCC_WARN_UNUSED_FUNCTION = YES;
				GCC_WARN_UNUSED_VARIABLE = YES;
				IPHONEOS_DEPLOYMENT_TARGET = 7.0;
				SDKROOT = iphoneos;
				TARGETED_DEVICE_FAMILY = "1,2";
				VALIDATE_PRODUCT = YES;
			};
			name = Release;
		};
		F3E05D2018AA8CF9008CD655 /* Debug */ = {
			isa = XCBuildConfiguration;
			buildSettings = {
				ASSETCATALOG_COMPILER_APPICON_NAME = AppIcon;
				ASSETCATALOG_COMPILER_LAUNCHIMAGE_NAME = LaunchImage;
				CODE_SIGN_IDENTITY = "iPhone Developer";
				GCC_PRECOMPILE_PREFIX_HEADER = YES;
				GCC_PREFIX_HEADER = "BlueToothTesting/BlueToothTesting-Prefix.pch";
				INFOPLIST_FILE = "BlueToothTesting/BlueToothTesting-Info.plist";
				IPHONEOS_DEPLOYMENT_TARGET = 6.1;
				PRODUCT_NAME = "$(TARGET_NAME)";
				WRAPPER_EXTENSION = app;
			};
			name = Debug;
		};
		F3E05D2118AA8CF9008CD655 /* Release */ = {
			isa = XCBuildConfiguration;
			buildSettings = {
				ASSETCATALOG_COMPILER_APPICON_NAME = AppIcon;
				ASSETCATALOG_COMPILER_LAUNCHIMAGE_NAME = LaunchImage;
				CODE_SIGN_IDENTITY = "iPhone Developer";
				GCC_PRECOMPILE_PREFIX_HEADER = YES;
				GCC_PREFIX_HEADER = "BlueToothTesting/BlueToothTesting-Prefix.pch";
				INFOPLIST_FILE = "BlueToothTesting/BlueToothTesting-Info.plist";
				IPHONEOS_DEPLOYMENT_TARGET = 6.1;
				PRODUCT_NAME = "$(TARGET_NAME)";
				WRAPPER_EXTENSION = app;
			};
			name = Release;
		};
		F3E05D2318AA8CF9008CD655 /* Debug */ = {
			isa = XCBuildConfiguration;
			buildSettings = {
				ARCHS = "$(ARCHS_STANDARD_INCLUDING_64_BIT)";
				BUNDLE_LOADER = "$(BUILT_PRODUCTS_DIR)/BlueToothTesting.app/BlueToothTesting";
				FRAMEWORK_SEARCH_PATHS = (
					"$(SDKROOT)/Developer/Library/Frameworks",
					"$(inherited)",
					"$(DEVELOPER_FRAMEWORKS_DIR)",
				);
				GCC_PRECOMPILE_PREFIX_HEADER = YES;
				GCC_PREFIX_HEADER = "BlueToothTesting/BlueToothTesting-Prefix.pch";
				GCC_PREPROCESSOR_DEFINITIONS = (
					"DEBUG=1",
					"$(inherited)",
				);
				INFOPLIST_FILE = "BlueToothTestingTests/BlueToothTestingTests-Info.plist";
				PRODUCT_NAME = "$(TARGET_NAME)";
				TEST_HOST = "$(BUNDLE_LOADER)";
				WRAPPER_EXTENSION = xctest;
			};
			name = Debug;
		};
		F3E05D2418AA8CF9008CD655 /* Release */ = {
			isa = XCBuildConfiguration;
			buildSettings = {
				ARCHS = "$(ARCHS_STANDARD_INCLUDING_64_BIT)";
				BUNDLE_LOADER = "$(BUILT_PRODUCTS_DIR)/BlueToothTesting.app/BlueToothTesting";
				FRAMEWORK_SEARCH_PATHS = (
					"$(SDKROOT)/Developer/Library/Frameworks",
					"$(inherited)",
					"$(DEVELOPER_FRAMEWORKS_DIR)",
				);
				GCC_PRECOMPILE_PREFIX_HEADER = YES;
				GCC_PREFIX_HEADER = "BlueToothTesting/BlueToothTesting-Prefix.pch";
				INFOPLIST_FILE = "BlueToothTestingTests/BlueToothTestingTests-Info.plist";
				PRODUCT_NAME = "$(TARGET_NAME)";
				TEST_HOST = "$(BUNDLE_LOADER)";
				WRAPPER_EXTENSION = xctest;
			};
			name = Release;
		};
/* End XCBuildConfiguration section */

/* Begin XCConfigurationList section */
		F3E05CE518AA8CF9008CD655 /* Build configuration list for PBXProject "BlueToothTesting" */ = {
			isa = XCConfigurationList;
			buildConfigurations = (
				F3E05D1D18AA8CF9008CD655 /* Debug */,
				F3E05D1E18AA8CF9008CD655 /* Release */,
			);
			defaultConfigurationIsVisible = 0;
			defaultConfigurationName = Release;
		};
		F3E05D1F18AA8CF9008CD655 /* Build configuration list for PBXNativeTarget "BlueToothTesting" */ = {
			isa = XCConfigurationList;
			buildConfigurations = (
				F3E05D2018AA8CF9008CD655 /* Debug */,
				F3E05D2118AA8CF9008CD655 /* Release */,
			);
			defaultConfigurationIsVisible = 0;
			defaultConfigurationName = Release;
		};
		F3E05D2218AA8CF9008CD655 /* Build configuration list for PBXNativeTarget "BlueToothTestingTests" */ = {
			isa = XCConfigurationList;
			buildConfigurations = (
				F3E05D2318AA8CF9008CD655 /* Debug */,
				F3E05D2418AA8CF9008CD655 /* Release */,
			);
			defaultConfigurationIsVisible = 0;
			defaultConfigurationName = Release;
		};
/* End XCConfigurationList section */
	};
	rootObject = F3E05CE218AA8CF9008CD655 /* Project object */;
}
